// !$*UTF8*$!
{
	archiveVersion = 1;
	classes = {
	};
	objectVersion = 46;
	objects = {

/* Begin PBXBuildFile section */
		170608EC169A2934006F1B1C /* SystemConfiguration.framework in Frameworks */ = {isa = PBXBuildFile; fileRef = 170608EB169A2934006F1B1C /* SystemConfiguration.framework */; };
		170608EE169A293D006F1B1C /* Security.framework in Frameworks */ = {isa = PBXBuildFile; fileRef = 170608ED169A293D006F1B1C /* Security.framework */; };
		170608F0169A2945006F1B1C /* MessageUI.framework in Frameworks */ = {isa = PBXBuildFile; fileRef = 170608EF169A2945006F1B1C /* MessageUI.framework */; };
		170608F2169A2955006F1B1C /* CFNetwork.framework in Frameworks */ = {isa = PBXBuildFile; fileRef = 170608F1169A2955006F1B1C /* CFNetwork.framework */; };
		170608F4169A295F006F1B1C /* CoreLocation.framework in Frameworks */ = {isa = PBXBuildFile; fileRef = 170608F3169A295F006F1B1C /* CoreLocation.framework */; };
		170608F6169A296F006F1B1C /* Twitter.framework in Frameworks */ = {isa = PBXBuildFile; fileRef = 170608F5169A296F006F1B1C /* Twitter.framework */; settings = {ATTRIBUTES = (Weak, ); }; };
		170608F8169A29A4006F1B1C /* Social.framework in Frameworks */ = {isa = PBXBuildFile; fileRef = 170608F7169A29A4006F1B1C /* Social.framework */; settings = {ATTRIBUTES = (Weak, ); }; };
		170608FA169A29D1006F1B1C /* Accounts.framework in Frameworks */ = {isa = PBXBuildFile; fileRef = 170608F9169A29D1006F1B1C /* Accounts.framework */; settings = {ATTRIBUTES = (Weak, ); }; };
		170608FC169A29DC006F1B1C /* libsqlite3.dylib in Frameworks */ = {isa = PBXBuildFile; fileRef = 170608FB169A29DC006F1B1C /* libsqlite3.dylib */; settings = {ATTRIBUTES = (Required, ); }; };
		170608FE169A29F7006F1B1C /* CoreFoundation.framework in Frameworks */ = {isa = PBXBuildFile; fileRef = 170608FD169A29F7006F1B1C /* CoreFoundation.framework */; settings = {ATTRIBUTES = (Weak, ); }; };
		17060900169A2A23006F1B1C /* AdSupport.framework in Frameworks */ = {isa = PBXBuildFile; fileRef = 170608FF169A2A23006F1B1C /* AdSupport.framework */; settings = {ATTRIBUTES = (Weak, ); }; };
		17060907169A315F006F1B1C /* AXSHKConfigurator.m in Sources */ = {isa = PBXBuildFile; fileRef = 17060906169A315F006F1B1C /* AXSHKConfigurator.m */; };
		170EB24D1673E55A0045F6CA /* SourceCell.m in Sources */ = {isa = PBXBuildFile; fileRef = 170EB24C1673E55A0045F6CA /* SourceCell.m */; };
		170EB2501673E5800045F6CA /* SourceCell.xib in Resources */ = {isa = PBXBuildFile; fileRef = 170EB24F1673E5800045F6CA /* SourceCell.xib */; };
		17163532169A469800AE7482 /* libShareKit.a in Frameworks */ = {isa = PBXBuildFile; fileRef = 171634EA169A462400AE7482 /* libShareKit.a */; };
		17163533169A46A700AE7482 /* ShareKit.bundle in Resources */ = {isa = PBXBuildFile; fileRef = 171634EC169A462400AE7482 /* ShareKit.bundle */; };
		17163536169A563F00AE7482 /* toolbar-bg@2x.png in Resources */ = {isa = PBXBuildFile; fileRef = 17163534169A563F00AE7482 /* toolbar-bg@2x.png */; };
		17163537169A563F00AE7482 /* toolbar-bg.png in Resources */ = {isa = PBXBuildFile; fileRef = 17163535169A563F00AE7482 /* toolbar-bg.png */; };
		1716353A169AC70300AE7482 /* UIBarButtonItem+StyledButton.m in Sources */ = {isa = PBXBuildFile; fileRef = 17163539169AC70300AE7482 /* UIBarButtonItem+StyledButton.m */; };
		1716353E169AC79600AE7482 /* UIButton+StyledButton.m in Sources */ = {isa = PBXBuildFile; fileRef = 1716353D169AC79600AE7482 /* UIButton+StyledButton.m */; };
		174072371699806A009B1D6E /* icon-57.png in Resources */ = {isa = PBXBuildFile; fileRef = 174072361699806A009B1D6E /* icon-57.png */; };
		1740723A16998089009B1D6E /* icon-114.png in Resources */ = {isa = PBXBuildFile; fileRef = 1740723916998089009B1D6E /* icon-114.png */; };
		1740723C169980E4009B1D6E /* Default.png in Resources */ = {isa = PBXBuildFile; fileRef = 1740723B169980E4009B1D6E /* Default.png */; };
		1740723E169980FE009B1D6E /* Default@2x.png in Resources */ = {isa = PBXBuildFile; fileRef = 1740723D169980FE009B1D6E /* Default@2x.png */; };
		1740724016998130009B1D6E /* Default-568h@2x.png in Resources */ = {isa = PBXBuildFile; fileRef = 1740723F16998130009B1D6E /* Default-568h@2x.png */; };
		174072421699815F009B1D6E /* ipad-72.png in Resources */ = {isa = PBXBuildFile; fileRef = 174072411699815F009B1D6E /* ipad-72.png */; };
		174072441699816B009B1D6E /* ipad-144.png in Resources */ = {isa = PBXBuildFile; fileRef = 174072431699816B009B1D6E /* ipad-144.png */; };
		17407248169982FE009B1D6E /* bg.png in Resources */ = {isa = PBXBuildFile; fileRef = 17407247169982FE009B1D6E /* bg.png */; };
		174739C41669E58100C25A72 /* UIKit.framework in Frameworks */ = {isa = PBXBuildFile; fileRef = 174739C31669E58100C25A72 /* UIKit.framework */; };
		174739C61669E58100C25A72 /* Foundation.framework in Frameworks */ = {isa = PBXBuildFile; fileRef = 174739C51669E58100C25A72 /* Foundation.framework */; };
		174739C81669E58100C25A72 /* CoreGraphics.framework in Frameworks */ = {isa = PBXBuildFile; fileRef = 174739C71669E58100C25A72 /* CoreGraphics.framework */; };
		174739CE1669E58100C25A72 /* InfoPlist.strings in Resources */ = {isa = PBXBuildFile; fileRef = 174739CC1669E58100C25A72 /* InfoPlist.strings */; };
		174739D01669E58100C25A72 /* main.m in Sources */ = {isa = PBXBuildFile; fileRef = 174739CF1669E58100C25A72 /* main.m */; };
		174739D41669E58100C25A72 /* AxcotoAppDelegate.m in Sources */ = {isa = PBXBuildFile; fileRef = 174739D31669E58100C25A72 /* AxcotoAppDelegate.m */; };
		174739D61669E58100C25A72 /* Default.png in Resources */ = {isa = PBXBuildFile; fileRef = 174739D51669E58100C25A72 /* Default.png */; };
		174739D81669E58100C25A72 /* Default@2x.png in Resources */ = {isa = PBXBuildFile; fileRef = 174739D71669E58100C25A72 /* Default@2x.png */; };
		174739DA1669E58100C25A72 /* Default-568h@2x.png in Resources */ = {isa = PBXBuildFile; fileRef = 174739D91669E58100C25A72 /* Default-568h@2x.png */; };
		174739DD1669E58100C25A72 /* AxcotoViewController.m in Sources */ = {isa = PBXBuildFile; fileRef = 174739DC1669E58100C25A72 /* AxcotoViewController.m */; };
		174739E01669E58100C25A72 /* AxcotoViewController_iPhone.xib in Resources */ = {isa = PBXBuildFile; fileRef = 174739DE1669E58100C25A72 /* AxcotoViewController_iPhone.xib */; };
		174739E31669E58100C25A72 /* AxcotoViewController_iPad.xib in Resources */ = {isa = PBXBuildFile; fileRef = 174739E11669E58100C25A72 /* AxcotoViewController_iPad.xib */; };
		174739EB1669E58100C25A72 /* SenTestingKit.framework in Frameworks */ = {isa = PBXBuildFile; fileRef = 174739EA1669E58100C25A72 /* SenTestingKit.framework */; };
		174739EC1669E58100C25A72 /* UIKit.framework in Frameworks */ = {isa = PBXBuildFile; fileRef = 174739C31669E58100C25A72 /* UIKit.framework */; };
		174739ED1669E58100C25A72 /* Foundation.framework in Frameworks */ = {isa = PBXBuildFile; fileRef = 174739C51669E58100C25A72 /* Foundation.framework */; };
		174739F51669E58100C25A72 /* InfoPlist.strings in Resources */ = {isa = PBXBuildFile; fileRef = 174739F31669E58100C25A72 /* InfoPlist.strings */; };
		174739F81669E58100C25A72 /* Meme_StormTests.m in Sources */ = {isa = PBXBuildFile; fileRef = 174739F71669E58100C25A72 /* Meme_StormTests.m */; };
		176982E9166ABA680091B88D /* AxcotoMemeDetailViewController.m in Sources */ = {isa = PBXBuildFile; fileRef = 176982E7166ABA670091B88D /* AxcotoMemeDetailViewController.m */; };
		176982EA166ABA680091B88D /* AxcotoMemeDetailViewController.m in Sources */ = {isa = PBXBuildFile; fileRef = 176982E7166ABA670091B88D /* AxcotoMemeDetailViewController.m */; };
		176982EB166ABA680091B88D /* AxcotoMemeDetailViewController.xib in Resources */ = {isa = PBXBuildFile; fileRef = 176982E8166ABA670091B88D /* AxcotoMemeDetailViewController.xib */; };
		176982EC166ABA680091B88D /* AxcotoMemeDetailViewController.xib in Resources */ = {isa = PBXBuildFile; fileRef = 176982E8166ABA670091B88D /* AxcotoMemeDetailViewController.xib */; };
		176982F0166ABFAD0091B88D /* AxcotoMemeSource.m in Sources */ = {isa = PBXBuildFile; fileRef = 176982EF166ABFAC0091B88D /* AxcotoMemeSource.m */; };
		176982F1166ABFAD0091B88D /* AxcotoMemeSource.m in Sources */ = {isa = PBXBuildFile; fileRef = 176982EF166ABFAC0091B88D /* AxcotoMemeSource.m */; };
		176982F6166AC0950091B88D /* AxcotoMemeSourceFunnymama.m in Sources */ = {isa = PBXBuildFile; fileRef = 176982F5166AC0950091B88D /* AxcotoMemeSourceFunnymama.m */; };
		176982F7166AC0950091B88D /* AxcotoMemeSourceFunnymama.m in Sources */ = {isa = PBXBuildFile; fileRef = 176982F5166AC0950091B88D /* AxcotoMemeSourceFunnymama.m */; };
		17706E5C169664530013C6CB /* avatar in Resources */ = {isa = PBXBuildFile; fileRef = 17706E5B169664530013C6CB /* avatar */; };
		179FDD4816A16F8600F84859 /* button_back.png in Resources */ = {isa = PBXBuildFile; fileRef = 179FDD4716A16F8600F84859 /* button_back.png */; };
		17DCB172167B3BB800A06BD6 /* Prefs.m in Sources */ = {isa = PBXBuildFile; fileRef = 17DCB171167B3BB800A06BD6 /* Prefs.m */; };
		17DCB173167B3BB800A06BD6 /* Prefs.m in Sources */ = {isa = PBXBuildFile; fileRef = 17DCB171167B3BB800A06BD6 /* Prefs.m */; };
		17F9B208169048B300A02C52 /* AXConfig.m in Sources */ = {isa = PBXBuildFile; fileRef = 17F9B206169048B300A02C52 /* AXConfig.m */; };
		17F9B2121692907A00A02C52 /* AXMemeCommentViewController.m in Sources */ = {isa = PBXBuildFile; fileRef = 17F9B2101692907A00A02C52 /* AXMemeCommentViewController.m */; };
		17F9B2131692907A00A02C52 /* AXMemeCommentViewController.xib in Resources */ = {isa = PBXBuildFile; fileRef = 17F9B2111692907A00A02C52 /* AXMemeCommentViewController.xib */; };
		FBB5200D16954B3300891FBA /* comment.png in Resources */ = {isa = PBXBuildFile; fileRef = FBB5200916954B3300891FBA /* comment.png */; };
		FBB5200E16954B3300891FBA /* comment@2x.png in Resources */ = {isa = PBXBuildFile; fileRef = FBB5200A16954B3300891FBA /* comment@2x.png */; };
		FBB5200F16954B3300891FBA /* like.png in Resources */ = {isa = PBXBuildFile; fileRef = FBB5200B16954B3300891FBA /* like.png */; };
		FBB5201016954B3300891FBA /* like@2x.png in Resources */ = {isa = PBXBuildFile; fileRef = FBB5200C16954B3300891FBA /* like@2x.png */; };
		FBB5201416955D0E00891FBA /* share@2x.png in Resources */ = {isa = PBXBuildFile; fileRef = FBB5201216955D0E00891FBA /* share@2x.png */; };
		FBB5201516955D0E00891FBA /* share.png in Resources */ = {isa = PBXBuildFile; fileRef = FBB5201316955D0E00891FBA /* share.png */; };
		FBD2EAE2168FF2E800D8B0BA /* AXMemeMeta.m in Sources */ = {isa = PBXBuildFile; fileRef = FBD2EAE1168FF2E800D8B0BA /* AXMemeMeta.m */; };
/* End PBXBuildFile section */

/* Begin PBXContainerItemProxy section */
		171634E7169A462400AE7482 /* PBXContainerItemProxy */ = {
			isa = PBXContainerItemProxy;
			containerPortal = 171634B9169A462300AE7482 /* ShareKit.xcodeproj */;
			proxyType = 2;
			remoteGlobalIDString = 1D6058910D05DD3D006BFB54;
			remoteInfo = "Demo App";
		};
		171634E9169A462400AE7482 /* PBXContainerItemProxy */ = {
			isa = PBXContainerItemProxy;
			containerPortal = 171634B9169A462300AE7482 /* ShareKit.xcodeproj */;
			proxyType = 2;
			remoteGlobalIDString = 7AB5342E1552AADD00171BCE;
			remoteInfo = "Static Library";
		};
		171634EB169A462400AE7482 /* PBXContainerItemProxy */ = {
			isa = PBXContainerItemProxy;
			containerPortal = 171634B9169A462300AE7482 /* ShareKit.xcodeproj */;
			proxyType = 2;
			remoteGlobalIDString = 7AB5360F1552E26800171BCE;
			remoteInfo = "Resource Bundle";
		};
		171634ED169A462400AE7482 /* PBXContainerItemProxy */ = {
			isa = PBXContainerItemProxy;
			containerPortal = 171634B9169A462300AE7482 /* ShareKit.xcodeproj */;
			proxyType = 2;
			remoteGlobalIDString = 7A0F9246156BA2A0009CB40A;
			remoteInfo = "Static Library Core";
		};
		171634EF169A462400AE7482 /* PBXContainerItemProxy */ = {
			isa = PBXContainerItemProxy;
			containerPortal = 171634B9169A462300AE7482 /* ShareKit.xcodeproj */;
			proxyType = 2;
			remoteGlobalIDString = 7A1AFCAE160E11810086B98A;
			remoteInfo = JSONKit;
		};
		171634F1169A462400AE7482 /* PBXContainerItemProxy */ = {
			isa = PBXContainerItemProxy;
			containerPortal = 171634B9169A462300AE7482 /* ShareKit.xcodeproj */;
			proxyType = 2;
			remoteGlobalIDString = 7A1AFCC0160E11F90086B98A;
			remoteInfo = SSKeyChain;
		};
		171634F3169A462400AE7482 /* PBXContainerItemProxy */ = {
			isa = PBXContainerItemProxy;
			containerPortal = 171634B9169A462300AE7482 /* ShareKit.xcodeproj */;
			proxyType = 2;
			remoteGlobalIDString = 7A16F37E161340DD0019645D;
			remoteInfo = OAuth;
		};
		171634F5169A462400AE7482 /* PBXContainerItemProxy */ = {
			isa = PBXContainerItemProxy;
			containerPortal = 171634B9169A462300AE7482 /* ShareKit.xcodeproj */;
			proxyType = 2;
			remoteGlobalIDString = 7A1AFCD1160E123C0086B98A;
			remoteInfo = Reachability;
		};
		171634F7169A462400AE7482 /* PBXContainerItemProxy */ = {
			isa = PBXContainerItemProxy;
			containerPortal = 171634B9169A462300AE7482 /* ShareKit.xcodeproj */;
			proxyType = 2;
			remoteGlobalIDString = AABBECBE162F063F009D46E4;
			remoteInfo = Print;
		};
		171634F9169A462400AE7482 /* PBXContainerItemProxy */ = {
			isa = PBXContainerItemProxy;
			containerPortal = 171634B9169A462300AE7482 /* ShareKit.xcodeproj */;
			proxyType = 2;
			remoteGlobalIDString = AABBECC9162F0719009D46E4;
			remoteInfo = Logout;
		};
		171634FB169A462400AE7482 /* PBXContainerItemProxy */ = {
			isa = PBXContainerItemProxy;
			containerPortal = 171634B9169A462300AE7482 /* ShareKit.xcodeproj */;
			proxyType = 2;
			remoteGlobalIDString = AABBECD2162F0756009D46E4;
			remoteInfo = Copy;
		};
		171634FD169A462400AE7482 /* PBXContainerItemProxy */ = {
			isa = PBXContainerItemProxy;
			containerPortal = 171634B9169A462300AE7482 /* ShareKit.xcodeproj */;
			proxyType = 2;
			remoteGlobalIDString = AABBECDB162F0779009D46E4;
			remoteInfo = Email;
		};
		171634FF169A462400AE7482 /* PBXContainerItemProxy */ = {
			isa = PBXContainerItemProxy;
			containerPortal = 171634B9169A462300AE7482 /* ShareKit.xcodeproj */;
			proxyType = 2;
			remoteGlobalIDString = AABBECE4162F07B4009D46E4;
			remoteInfo = "Open in Safari";
		};
		17163501169A462400AE7482 /* PBXContainerItemProxy */ = {
			isa = PBXContainerItemProxy;
			containerPortal = 171634B9169A462300AE7482 /* ShareKit.xcodeproj */;
			proxyType = 2;
			remoteGlobalIDString = AABBECED162F07DF009D46E4;
			remoteInfo = "Save to Album";
		};
		17163503169A462400AE7482 /* PBXContainerItemProxy */ = {
			isa = PBXContainerItemProxy;
			containerPortal = 171634B9169A462300AE7482 /* ShareKit.xcodeproj */;
			proxyType = 2;
			remoteGlobalIDString = AABBECF6162F080F009D46E4;
			remoteInfo = "Text Message";
		};
		17163505169A462400AE7482 /* PBXContainerItemProxy */ = {
			isa = PBXContainerItemProxy;
			containerPortal = 171634B9169A462300AE7482 /* ShareKit.xcodeproj */;
			proxyType = 2;
			remoteGlobalIDString = AABBECFF162F0835009D46E4;
			remoteInfo = Kippt;
		};
		17163507169A462400AE7482 /* PBXContainerItemProxy */ = {
			isa = PBXContainerItemProxy;
			containerPortal = 171634B9169A462300AE7482 /* ShareKit.xcodeproj */;
			proxyType = 2;
			remoteGlobalIDString = AABBED08162F0858009D46E4;
			remoteInfo = Delicious;
		};
		17163509169A462400AE7482 /* PBXContainerItemProxy */ = {
			isa = PBXContainerItemProxy;
			containerPortal = 171634B9169A462300AE7482 /* ShareKit.xcodeproj */;
			proxyType = 2;
			remoteGlobalIDString = AABBED11162F087F009D46E4;
			remoteInfo = Diigo;
		};
		1716350B169A462400AE7482 /* PBXContainerItemProxy */ = {
			isa = PBXContainerItemProxy;
			containerPortal = 171634B9169A462300AE7482 /* ShareKit.xcodeproj */;
			proxyType = 2;
			remoteGlobalIDString = AABBED1B162F08A3009D46E4;
			remoteInfo = VKontakte;
		};
		1716350D169A462400AE7482 /* PBXContainerItemProxy */ = {
			isa = PBXContainerItemProxy;
			containerPortal = 171634B9169A462300AE7482 /* ShareKit.xcodeproj */;
			proxyType = 2;
			remoteGlobalIDString = AABBED24162F08E6009D46E4;
			remoteInfo = Evernote;
		};
		1716350F169A462400AE7482 /* PBXContainerItemProxy */ = {
			isa = PBXContainerItemProxy;
			containerPortal = 171634B9169A462300AE7482 /* ShareKit.xcodeproj */;
			proxyType = 2;
			remoteGlobalIDString = 7A1AFCE2160E127B0086B98A;
			remoteInfo = "Evernote SDK";
		};
		17163511169A462400AE7482 /* PBXContainerItemProxy */ = {
			isa = PBXContainerItemProxy;
			containerPortal = 171634B9169A462300AE7482 /* ShareKit.xcodeproj */;
			proxyType = 2;
			remoteGlobalIDString = AABBED37162F0B65009D46E4;
			remoteInfo = Facebook;
		};
		17163513169A462400AE7482 /* PBXContainerItemProxy */ = {
			isa = PBXContainerItemProxy;
			containerPortal = 171634B9169A462300AE7482 /* ShareKit.xcodeproj */;
			proxyType = 2;
			remoteGlobalIDString = AABBED46162F0B86009D46E4;
			remoteInfo = FoursquareV2;
		};
		17163515169A462400AE7482 /* PBXContainerItemProxy */ = {
			isa = PBXContainerItemProxy;
			containerPortal = 171634B9169A462300AE7482 /* ShareKit.xcodeproj */;
			proxyType = 2;
			remoteGlobalIDString = AABBED50162F0BA7009D46E4;
			remoteInfo = Flickr;
		};
		17163517169A462400AE7482 /* PBXContainerItemProxy */ = {
			isa = PBXContainerItemProxy;
			containerPortal = 171634B9169A462300AE7482 /* ShareKit.xcodeproj */;
			proxyType = 2;
			remoteGlobalIDString = 7A1AFD24160E13740086B98A;
			remoteInfo = "Flickr SDK";
		};
		17163519169A462400AE7482 /* PBXContainerItemProxy */ = {
			isa = PBXContainerItemProxy;
			containerPortal = 171634B9169A462300AE7482 /* ShareKit.xcodeproj */;
			proxyType = 2;
			remoteGlobalIDString = AABBED59162F0BC5009D46E4;
			remoteInfo = "Google Reader";
		};
		1716351B169A462400AE7482 /* PBXContainerItemProxy */ = {
			isa = PBXContainerItemProxy;
			containerPortal = 171634B9169A462300AE7482 /* ShareKit.xcodeproj */;
			proxyType = 2;
			remoteGlobalIDString = 7A16F3C216134A890019645D;
			remoteInfo = Instagram;
		};
		1716351D169A462400AE7482 /* PBXContainerItemProxy */ = {
			isa = PBXContainerItemProxy;
			containerPortal = 171634B9169A462300AE7482 /* ShareKit.xcodeproj */;
			proxyType = 2;
			remoteGlobalIDString = AABBED62162F0BE8009D46E4;
			remoteInfo = Instapaper;
		};
		1716351F169A462400AE7482 /* PBXContainerItemProxy */ = {
			isa = PBXContainerItemProxy;
			containerPortal = 171634B9169A462300AE7482 /* ShareKit.xcodeproj */;
			proxyType = 2;
			remoteGlobalIDString = AABBED6B162F0C03009D46E4;
			remoteInfo = LinkedIn;
		};
		17163521169A462400AE7482 /* PBXContainerItemProxy */ = {
			isa = PBXContainerItemProxy;
			containerPortal = 171634B9169A462300AE7482 /* ShareKit.xcodeproj */;
			proxyType = 2;
			remoteGlobalIDString = AABBED74162F0C1A009D46E4;
			remoteInfo = Pinboard;
		};
		17163523169A462400AE7482 /* PBXContainerItemProxy */ = {
			isa = PBXContainerItemProxy;
			containerPortal = 171634B9169A462300AE7482 /* ShareKit.xcodeproj */;
			proxyType = 2;
			remoteGlobalIDString = AABBED7D162F0C33009D46E4;
			remoteInfo = "Read It Later";
		};
		17163525169A462400AE7482 /* PBXContainerItemProxy */ = {
			isa = PBXContainerItemProxy;
			containerPortal = 171634B9169A462300AE7482 /* ShareKit.xcodeproj */;
			proxyType = 2;
			remoteGlobalIDString = AABBED86162F0C4D009D46E4;
			remoteInfo = Tumbl;
		};
		17163527169A462400AE7482 /* PBXContainerItemProxy */ = {
			isa = PBXContainerItemProxy;
			containerPortal = 171634B9169A462300AE7482 /* ShareKit.xcodeproj */;
			proxyType = 2;
			remoteGlobalIDString = 7A1AFD3A160E14340086B98A;
			remoteInfo = Twitter;
		};
		17163529169A462400AE7482 /* PBXContainerItemProxy */ = {
			isa = PBXContainerItemProxy;
			containerPortal = 171634B9169A462300AE7482 /* ShareKit.xcodeproj */;
			proxyType = 2;
			remoteGlobalIDString = 7AC2A3A016597F4C0089ABE8;
			remoteInfo = "Sina Weibo";
		};
		1716352E169A464700AE7482 /* PBXContainerItemProxy */ = {
			isa = PBXContainerItemProxy;
			containerPortal = 171634B9169A462300AE7482 /* ShareKit.xcodeproj */;
			proxyType = 1;
			remoteGlobalIDString = 7AB5342D1552AADD00171BCE;
			remoteInfo = "Static Library";
		};
		17163530169A464700AE7482 /* PBXContainerItemProxy */ = {
			isa = PBXContainerItemProxy;
			containerPortal = 171634B9169A462300AE7482 /* ShareKit.xcodeproj */;
			proxyType = 1;
			remoteGlobalIDString = 7AB5360E1552E26800171BCE;
			remoteInfo = "Resource Bundle";
		};
		174739EE1669E58100C25A72 /* PBXContainerItemProxy */ = {
			isa = PBXContainerItemProxy;
			containerPortal = 174739B61669E58100C25A72 /* Project object */;
			proxyType = 1;
			remoteGlobalIDString = 174739BE1669E58100C25A72;
			remoteInfo = "Meme Storm";
		};
/* End PBXContainerItemProxy section */

/* Begin PBXFileReference section */
		170608EB169A2934006F1B1C /* SystemConfiguration.framework */ = {isa = PBXFileReference; lastKnownFileType = wrapper.framework; name = SystemConfiguration.framework; path = System/Library/Frameworks/SystemConfiguration.framework; sourceTree = SDKROOT; };
		170608ED169A293D006F1B1C /* Security.framework */ = {isa = PBXFileReference; lastKnownFileType = wrapper.framework; name = Security.framework; path = System/Library/Frameworks/Security.framework; sourceTree = SDKROOT; };
		170608EF169A2945006F1B1C /* MessageUI.framework */ = {isa = PBXFileReference; lastKnownFileType = wrapper.framework; name = MessageUI.framework; path = System/Library/Frameworks/MessageUI.framework; sourceTree = SDKROOT; };
		170608F1169A2955006F1B1C /* CFNetwork.framework */ = {isa = PBXFileReference; lastKnownFileType = wrapper.framework; name = CFNetwork.framework; path = System/Library/Frameworks/CFNetwork.framework; sourceTree = SDKROOT; };
		170608F3169A295F006F1B1C /* CoreLocation.framework */ = {isa = PBXFileReference; lastKnownFileType = wrapper.framework; name = CoreLocation.framework; path = System/Library/Frameworks/CoreLocation.framework; sourceTree = SDKROOT; };
		170608F5169A296F006F1B1C /* Twitter.framework */ = {isa = PBXFileReference; lastKnownFileType = wrapper.framework; name = Twitter.framework; path = System/Library/Frameworks/Twitter.framework; sourceTree = SDKROOT; };
		170608F7169A29A4006F1B1C /* Social.framework */ = {isa = PBXFileReference; lastKnownFileType = wrapper.framework; name = Social.framework; path = System/Library/Frameworks/Social.framework; sourceTree = SDKROOT; };
		170608F9169A29D1006F1B1C /* Accounts.framework */ = {isa = PBXFileReference; lastKnownFileType = wrapper.framework; name = Accounts.framework; path = System/Library/Frameworks/Accounts.framework; sourceTree = SDKROOT; };
		170608FB169A29DC006F1B1C /* libsqlite3.dylib */ = {isa = PBXFileReference; lastKnownFileType = "compiled.mach-o.dylib"; name = libsqlite3.dylib; path = usr/lib/libsqlite3.dylib; sourceTree = SDKROOT; };
		170608FD169A29F7006F1B1C /* CoreFoundation.framework */ = {isa = PBXFileReference; lastKnownFileType = wrapper.framework; name = CoreFoundation.framework; path = System/Library/Frameworks/CoreFoundation.framework; sourceTree = SDKROOT; };
		170608FF169A2A23006F1B1C /* AdSupport.framework */ = {isa = PBXFileReference; lastKnownFileType = wrapper.framework; name = AdSupport.framework; path = System/Library/Frameworks/AdSupport.framework; sourceTree = SDKROOT; };
		17060905169A315F006F1B1C /* AXSHKConfigurator.h */ = {isa = PBXFileReference; fileEncoding = 4; lastKnownFileType = sourcecode.c.h; path = AXSHKConfigurator.h; sourceTree = "<group>"; };
		17060906169A315F006F1B1C /* AXSHKConfigurator.m */ = {isa = PBXFileReference; fileEncoding = 4; lastKnownFileType = sourcecode.c.objc; path = AXSHKConfigurator.m; sourceTree = "<group>"; };
		170EB24B1673E55A0045F6CA /* SourceCell.h */ = {isa = PBXFileReference; fileEncoding = 4; lastKnownFileType = sourcecode.c.h; path = SourceCell.h; sourceTree = "<group>"; };
		170EB24C1673E55A0045F6CA /* SourceCell.m */ = {isa = PBXFileReference; fileEncoding = 4; lastKnownFileType = sourcecode.c.objc; path = SourceCell.m; sourceTree = "<group>"; };
		170EB24F1673E5800045F6CA /* SourceCell.xib */ = {isa = PBXFileReference; fileEncoding = 4; lastKnownFileType = file.xib; path = SourceCell.xib; sourceTree = "<group>"; };
		171634B9169A462300AE7482 /* ShareKit.xcodeproj */ = {isa = PBXFileReference; lastKnownFileType = "wrapper.pb-project"; name = ShareKit.xcodeproj; path = Submodules/ShareKit/ShareKit.xcodeproj; sourceTree = "<group>"; };
		17163534169A563F00AE7482 /* toolbar-bg@2x.png */ = {isa = PBXFileReference; lastKnownFileType = image.png; name = "toolbar-bg@2x.png"; path = "design/toolbar-bg@2x.png"; sourceTree = SOURCE_ROOT; };
		17163535169A563F00AE7482 /* toolbar-bg.png */ = {isa = PBXFileReference; lastKnownFileType = image.png; name = "toolbar-bg.png"; path = "design/toolbar-bg.png"; sourceTree = SOURCE_ROOT; };
		17163538169AC70300AE7482 /* UIBarButtonItem+StyledButton.h */ = {isa = PBXFileReference; fileEncoding = 4; lastKnownFileType = sourcecode.c.h; path = "UIBarButtonItem+StyledButton.h"; sourceTree = "<group>"; };
		17163539169AC70300AE7482 /* UIBarButtonItem+StyledButton.m */ = {isa = PBXFileReference; fileEncoding = 4; lastKnownFileType = sourcecode.c.objc; path = "UIBarButtonItem+StyledButton.m"; sourceTree = "<group>"; };
		1716353C169AC79600AE7482 /* UIButton+StyledButton.h */ = {isa = PBXFileReference; fileEncoding = 4; lastKnownFileType = sourcecode.c.h; path = "UIButton+StyledButton.h"; sourceTree = "<group>"; };
		1716353D169AC79600AE7482 /* UIButton+StyledButton.m */ = {isa = PBXFileReference; fileEncoding = 4; lastKnownFileType = sourcecode.c.objc; path = "UIButton+StyledButton.m"; sourceTree = "<group>"; };
		172088D4169A4155007BACF3 /* JSONKit.h */ = {isa = PBXFileReference; fileEncoding = 4; lastKnownFileType = sourcecode.c.h; path = JSONKit.h; sourceTree = "<group>"; };
		174072361699806A009B1D6E /* icon-57.png */ = {isa = PBXFileReference; lastKnownFileType = image.png; path = "icon-57.png"; sourceTree = "<group>"; };
		1740723916998089009B1D6E /* icon-114.png */ = {isa = PBXFileReference; lastKnownFileType = image.png; path = "icon-114.png"; sourceTree = "<group>"; };
		1740723B169980E4009B1D6E /* Default.png */ = {isa = PBXFileReference; lastKnownFileType = image.png; path = Default.png; sourceTree = "<group>"; };
		1740723D169980FE009B1D6E /* Default@2x.png */ = {isa = PBXFileReference; lastKnownFileType = image.png; path = "Default@2x.png"; sourceTree = "<group>"; };
		1740723F16998130009B1D6E /* Default-568h@2x.png */ = {isa = PBXFileReference; lastKnownFileType = image.png; path = "Default-568h@2x.png"; sourceTree = "<group>"; };
		174072411699815F009B1D6E /* ipad-72.png */ = {isa = PBXFileReference; lastKnownFileType = image.png; path = "ipad-72.png"; sourceTree = "<group>"; };
		174072431699816B009B1D6E /* ipad-144.png */ = {isa = PBXFileReference; lastKnownFileType = image.png; path = "ipad-144.png"; sourceTree = "<group>"; };
		17407247169982FE009B1D6E /* bg.png */ = {isa = PBXFileReference; lastKnownFileType = image.png; path = bg.png; sourceTree = "<group>"; };
		174739BF1669E58100C25A72 /* Meme Storm.app */ = {isa = PBXFileReference; explicitFileType = wrapper.application; includeInIndex = 0; path = "Meme Storm.app"; sourceTree = BUILT_PRODUCTS_DIR; };
		174739C31669E58100C25A72 /* UIKit.framework */ = {isa = PBXFileReference; lastKnownFileType = wrapper.framework; name = UIKit.framework; path = System/Library/Frameworks/UIKit.framework; sourceTree = SDKROOT; };
		174739C51669E58100C25A72 /* Foundation.framework */ = {isa = PBXFileReference; lastKnownFileType = wrapper.framework; name = Foundation.framework; path = System/Library/Frameworks/Foundation.framework; sourceTree = SDKROOT; };
		174739C71669E58100C25A72 /* CoreGraphics.framework */ = {isa = PBXFileReference; lastKnownFileType = wrapper.framework; name = CoreGraphics.framework; path = System/Library/Frameworks/CoreGraphics.framework; sourceTree = SDKROOT; };
		174739CB1669E58100C25A72 /* Meme Storm-Info.plist */ = {isa = PBXFileReference; lastKnownFileType = text.plist.xml; path = "Meme Storm-Info.plist"; sourceTree = "<group>"; };
		174739CD1669E58100C25A72 /* en */ = {isa = PBXFileReference; lastKnownFileType = text.plist.strings; name = en; path = en.lproj/InfoPlist.strings; sourceTree = "<group>"; };
		174739CF1669E58100C25A72 /* main.m */ = {isa = PBXFileReference; lastKnownFileType = sourcecode.c.objc; path = main.m; sourceTree = "<group>"; };
		174739D11669E58100C25A72 /* Meme Storm-Prefix.pch */ = {isa = PBXFileReference; lastKnownFileType = sourcecode.c.h; path = "Meme Storm-Prefix.pch"; sourceTree = "<group>"; };
		174739D21669E58100C25A72 /* AxcotoAppDelegate.h */ = {isa = PBXFileReference; lastKnownFileType = sourcecode.c.h; path = AxcotoAppDelegate.h; sourceTree = "<group>"; };
		174739D31669E58100C25A72 /* AxcotoAppDelegate.m */ = {isa = PBXFileReference; lastKnownFileType = sourcecode.c.objc; path = AxcotoAppDelegate.m; sourceTree = "<group>"; };
		174739D51669E58100C25A72 /* Default.png */ = {isa = PBXFileReference; lastKnownFileType = image.png; path = Default.png; sourceTree = "<group>"; };
		174739D71669E58100C25A72 /* Default@2x.png */ = {isa = PBXFileReference; lastKnownFileType = image.png; path = "Default@2x.png"; sourceTree = "<group>"; };
		174739D91669E58100C25A72 /* Default-568h@2x.png */ = {isa = PBXFileReference; lastKnownFileType = image.png; path = "Default-568h@2x.png"; sourceTree = "<group>"; };
		174739DB1669E58100C25A72 /* AxcotoViewController.h */ = {isa = PBXFileReference; lastKnownFileType = sourcecode.c.h; path = AxcotoViewController.h; sourceTree = "<group>"; };
		174739DC1669E58100C25A72 /* AxcotoViewController.m */ = {isa = PBXFileReference; lastKnownFileType = sourcecode.c.objc; path = AxcotoViewController.m; sourceTree = "<group>"; };
		174739DF1669E58100C25A72 /* en */ = {isa = PBXFileReference; lastKnownFileType = file.xib; name = en; path = en.lproj/AxcotoViewController_iPhone.xib; sourceTree = "<group>"; };
		174739E21669E58100C25A72 /* en */ = {isa = PBXFileReference; lastKnownFileType = file.xib; name = en; path = en.lproj/AxcotoViewController_iPad.xib; sourceTree = "<group>"; };
		174739E91669E58100C25A72 /* Meme StormTests.octest */ = {isa = PBXFileReference; explicitFileType = wrapper.cfbundle; includeInIndex = 0; path = "Meme StormTests.octest"; sourceTree = BUILT_PRODUCTS_DIR; };
		174739EA1669E58100C25A72 /* SenTestingKit.framework */ = {isa = PBXFileReference; lastKnownFileType = wrapper.framework; name = SenTestingKit.framework; path = Library/Frameworks/SenTestingKit.framework; sourceTree = DEVELOPER_DIR; };
		174739F21669E58100C25A72 /* Meme StormTests-Info.plist */ = {isa = PBXFileReference; lastKnownFileType = text.plist.xml; path = "Meme StormTests-Info.plist"; sourceTree = "<group>"; };
		174739F41669E58100C25A72 /* en */ = {isa = PBXFileReference; lastKnownFileType = text.plist.strings; name = en; path = en.lproj/InfoPlist.strings; sourceTree = "<group>"; };
		174739F61669E58100C25A72 /* Meme_StormTests.h */ = {isa = PBXFileReference; lastKnownFileType = sourcecode.c.h; path = Meme_StormTests.h; sourceTree = "<group>"; };
		174739F71669E58100C25A72 /* Meme_StormTests.m */ = {isa = PBXFileReference; lastKnownFileType = sourcecode.c.objc; path = Meme_StormTests.m; sourceTree = "<group>"; };
		176982E6166ABA670091B88D /* AxcotoMemeDetailViewController.h */ = {isa = PBXFileReference; fileEncoding = 4; lastKnownFileType = sourcecode.c.h; path = AxcotoMemeDetailViewController.h; sourceTree = "<group>"; };
		176982E7166ABA670091B88D /* AxcotoMemeDetailViewController.m */ = {isa = PBXFileReference; fileEncoding = 4; lastKnownFileType = sourcecode.c.objc; path = AxcotoMemeDetailViewController.m; sourceTree = "<group>"; };
		176982E8166ABA670091B88D /* AxcotoMemeDetailViewController.xib */ = {isa = PBXFileReference; fileEncoding = 4; lastKnownFileType = file.xib; path = AxcotoMemeDetailViewController.xib; sourceTree = "<group>"; };
		176982EE166ABFAC0091B88D /* AxcotoMemeSource.h */ = {isa = PBXFileReference; fileEncoding = 4; lastKnownFileType = sourcecode.c.h; path = AxcotoMemeSource.h; sourceTree = "<group>"; };
		176982EF166ABFAC0091B88D /* AxcotoMemeSource.m */ = {isa = PBXFileReference; fileEncoding = 4; lastKnownFileType = sourcecode.c.objc; path = AxcotoMemeSource.m; sourceTree = "<group>"; };
		176982F4166AC0950091B88D /* AxcotoMemeSourceFunnymama.h */ = {isa = PBXFileReference; fileEncoding = 4; lastKnownFileType = sourcecode.c.h; path = AxcotoMemeSourceFunnymama.h; sourceTree = "<group>"; };
		176982F5166AC0950091B88D /* AxcotoMemeSourceFunnymama.m */ = {isa = PBXFileReference; fileEncoding = 4; lastKnownFileType = sourcecode.c.objc; path = AxcotoMemeSourceFunnymama.m; sourceTree = "<group>"; };
		17706E5B169664530013C6CB /* avatar */ = {isa = PBXFileReference; lastKnownFileType = folder; name = avatar; path = Resources/avatar; sourceTree = "<group>"; };
		179FDD4716A16F8600F84859 /* button_back.png */ = {isa = PBXFileReference; lastKnownFileType = image.png; name = button_back.png; path = design/button_back.png; sourceTree = SOURCE_ROOT; };
		17DCB170167B3BB800A06BD6 /* Prefs.h */ = {isa = PBXFileReference; fileEncoding = 4; lastKnownFileType = sourcecode.c.h; path = Prefs.h; sourceTree = "<group>"; };
		17DCB171167B3BB800A06BD6 /* Prefs.m */ = {isa = PBXFileReference; fileEncoding = 4; lastKnownFileType = sourcecode.c.objc; path = Prefs.m; sourceTree = "<group>"; };
		17F9B206169048B300A02C52 /* AXConfig.m */ = {isa = PBXFileReference; fileEncoding = 4; lastKnownFileType = sourcecode.c.objc; path = AXConfig.m; sourceTree = "<group>"; };
		17F9B207169048B300A02C52 /* AXConfig.h */ = {isa = PBXFileReference; fileEncoding = 4; lastKnownFileType = sourcecode.c.h; path = AXConfig.h; sourceTree = "<group>"; };
		17F9B20F1692907A00A02C52 /* AXMemeCommentViewController.h */ = {isa = PBXFileReference; fileEncoding = 4; lastKnownFileType = sourcecode.c.h; path = AXMemeCommentViewController.h; sourceTree = "<group>"; };
		17F9B2101692907A00A02C52 /* AXMemeCommentViewController.m */ = {isa = PBXFileReference; fileEncoding = 4; lastKnownFileType = sourcecode.c.objc; path = AXMemeCommentViewController.m; sourceTree = "<group>"; };
		17F9B2111692907A00A02C52 /* AXMemeCommentViewController.xib */ = {isa = PBXFileReference; fileEncoding = 4; lastKnownFileType = file.xib; path = AXMemeCommentViewController.xib; sourceTree = "<group>"; };
		FBB5200916954B3300891FBA /* comment.png */ = {isa = PBXFileReference; lastKnownFileType = image.png; path = comment.png; sourceTree = "<group>"; };
		FBB5200A16954B3300891FBA /* comment@2x.png */ = {isa = PBXFileReference; lastKnownFileType = image.png; path = "comment@2x.png"; sourceTree = "<group>"; };
		FBB5200B16954B3300891FBA /* like.png */ = {isa = PBXFileReference; lastKnownFileType = image.png; path = like.png; sourceTree = "<group>"; };
		FBB5200C16954B3300891FBA /* like@2x.png */ = {isa = PBXFileReference; lastKnownFileType = image.png; path = "like@2x.png"; sourceTree = "<group>"; };
		FBB5201216955D0E00891FBA /* share@2x.png */ = {isa = PBXFileReference; lastKnownFileType = image.png; path = "share@2x.png"; sourceTree = "<group>"; };
		FBB5201316955D0E00891FBA /* share.png */ = {isa = PBXFileReference; lastKnownFileType = image.png; path = share.png; sourceTree = "<group>"; };
		FBD2EAE0168FF2E800D8B0BA /* AXMemeMeta.h */ = {isa = PBXFileReference; fileEncoding = 4; lastKnownFileType = sourcecode.c.h; path = AXMemeMeta.h; sourceTree = "<group>"; };
		FBD2EAE1168FF2E800D8B0BA /* AXMemeMeta.m */ = {isa = PBXFileReference; fileEncoding = 4; lastKnownFileType = sourcecode.c.objc; path = AXMemeMeta.m; sourceTree = "<group>"; };
/* End PBXFileReference section */

/* Begin PBXFrameworksBuildPhase section */
		174739BC1669E58100C25A72 /* Frameworks */ = {
			isa = PBXFrameworksBuildPhase;
			buildActionMask = 2147483647;
			files = (
				17163532169A469800AE7482 /* libShareKit.a in Frameworks */,
				17060900169A2A23006F1B1C /* AdSupport.framework in Frameworks */,
				170608FE169A29F7006F1B1C /* CoreFoundation.framework in Frameworks */,
				170608FC169A29DC006F1B1C /* libsqlite3.dylib in Frameworks */,
				170608FA169A29D1006F1B1C /* Accounts.framework in Frameworks */,
				170608F8169A29A4006F1B1C /* Social.framework in Frameworks */,
				170608F6169A296F006F1B1C /* Twitter.framework in Frameworks */,
				170608F4169A295F006F1B1C /* CoreLocation.framework in Frameworks */,
				170608F2169A2955006F1B1C /* CFNetwork.framework in Frameworks */,
				170608F0169A2945006F1B1C /* MessageUI.framework in Frameworks */,
				170608EE169A293D006F1B1C /* Security.framework in Frameworks */,
				170608EC169A2934006F1B1C /* SystemConfiguration.framework in Frameworks */,
				174739C41669E58100C25A72 /* UIKit.framework in Frameworks */,
				174739C61669E58100C25A72 /* Foundation.framework in Frameworks */,
				174739C81669E58100C25A72 /* CoreGraphics.framework in Frameworks */,
			);
			runOnlyForDeploymentPostprocessing = 0;
		};
		174739E51669E58100C25A72 /* Frameworks */ = {
			isa = PBXFrameworksBuildPhase;
			buildActionMask = 2147483647;
			files = (
				174739EB1669E58100C25A72 /* SenTestingKit.framework in Frameworks */,
				174739EC1669E58100C25A72 /* UIKit.framework in Frameworks */,
				174739ED1669E58100C25A72 /* Foundation.framework in Frameworks */,
			);
			runOnlyForDeploymentPostprocessing = 0;
		};
/* End PBXFrameworksBuildPhase section */

/* Begin PBXGroup section */
		17060904169A30BC006F1B1C /* ShareKit */ = {
			isa = PBXGroup;
			children = (
				17060905169A315F006F1B1C /* AXSHKConfigurator.h */,
				17060906169A315F006F1B1C /* AXSHKConfigurator.m */,
			);
			name = ShareKit;
			sourceTree = "<group>";
		};
		171634BA169A462300AE7482 /* Products */ = {
			isa = PBXGroup;
			children = (
				171634E8169A462400AE7482 /* ShareKitDemo.app */,
				171634EA169A462400AE7482 /* libShareKit.a */,
				171634EC169A462400AE7482 /* ShareKit.bundle */,
				171634EE169A462400AE7482 /* libShareKitCore.a */,
				171634F0169A462400AE7482 /* libJSONKit.a */,
				171634F2169A462400AE7482 /* libSSKeyChain.a */,
				171634F4169A462400AE7482 /* libOAuth.a */,
				171634F6169A462400AE7482 /* libReachability.a */,
				171634F8169A462400AE7482 /* libPrint.a */,
				171634FA169A462400AE7482 /* libLogout.a */,
				171634FC169A462400AE7482 /* libCopy.a */,
				171634FE169A462400AE7482 /* libEmail.a */,
				17163500169A462400AE7482 /* libOpen in Safari.a */,
				17163502169A462400AE7482 /* libSave to Album.a */,
				17163504169A462400AE7482 /* libText Message.a */,
				17163506169A462400AE7482 /* libKippt.a */,
				17163508169A462400AE7482 /* libDelicious.a */,
				1716350A169A462400AE7482 /* libDiigo.a */,
				1716350C169A462400AE7482 /* libVKontakte.a */,
				1716350E169A462400AE7482 /* libEvernote.a */,
				17163510169A462400AE7482 /* libEvernote SDK.a */,
				17163512169A462400AE7482 /* libFacebook.a */,
				17163514169A462400AE7482 /* libFoursquareV2.a */,
				17163516169A462400AE7482 /* libFlickr.a */,
				17163518169A462400AE7482 /* libFlickr SDK.a */,
				1716351A169A462400AE7482 /* libGoogle Reader.a */,
				1716351C169A462400AE7482 /* libInstagram.a */,
				1716351E169A462400AE7482 /* libInstapaper.a */,
				17163520169A462400AE7482 /* libLinkedIn.a */,
				17163522169A462400AE7482 /* libPinboard.a */,
				17163524169A462400AE7482 /* libRead It Later.a */,
				17163526169A462400AE7482 /* libTumblr.a */,
				17163528169A462400AE7482 /* libTwitter.a */,
				1716352A169A462400AE7482 /* libSina Weibo.a */,
			);
			name = Products;
			sourceTree = "<group>";
		};
		1716353F169AC7A100AE7482 /* UIButtonStyled */ = {
			isa = PBXGroup;
			children = (
				17163538169AC70300AE7482 /* UIBarButtonItem+StyledButton.h */,
				17163539169AC70300AE7482 /* UIBarButtonItem+StyledButton.m */,
				1716353C169AC79600AE7482 /* UIButton+StyledButton.h */,
				1716353D169AC79600AE7482 /* UIButton+StyledButton.m */,
			);
			name = UIButtonStyled;
			sourceTree = "<group>";
		};
		174739B41669E58100C25A72 = {
			isa = PBXGroup;
			children = (
				171634B9169A462300AE7482 /* ShareKit.xcodeproj */,
				174072431699816B009B1D6E /* ipad-144.png */,
				174072411699815F009B1D6E /* ipad-72.png */,
				1740723F16998130009B1D6E /* Default-568h@2x.png */,
				1740723D169980FE009B1D6E /* Default@2x.png */,
				1740723B169980E4009B1D6E /* Default.png */,
				1740723916998089009B1D6E /* icon-114.png */,
				174072361699806A009B1D6E /* icon-57.png */,
				174739C91669E58100C25A72 /* Meme Storm */,
				174739F01669E58100C25A72 /* Meme StormTests */,
				174739C21669E58100C25A72 /* Frameworks */,
				174739C01669E58100C25A72 /* Products */,
			);
			sourceTree = "<group>";
		};
		174739C01669E58100C25A72 /* Products */ = {
			isa = PBXGroup;
			children = (
				174739BF1669E58100C25A72 /* Meme Storm.app */,
				174739E91669E58100C25A72 /* Meme StormTests.octest */,
			);
			name = Products;
			sourceTree = "<group>";
		};
		174739C21669E58100C25A72 /* Frameworks */ = {
			isa = PBXGroup;
			children = (
				170608FF169A2A23006F1B1C /* AdSupport.framework */,
				170608FD169A29F7006F1B1C /* CoreFoundation.framework */,
				170608FB169A29DC006F1B1C /* libsqlite3.dylib */,
				170608F9169A29D1006F1B1C /* Accounts.framework */,
				170608F7169A29A4006F1B1C /* Social.framework */,
				170608F5169A296F006F1B1C /* Twitter.framework */,
				170608F3169A295F006F1B1C /* CoreLocation.framework */,
				170608F1169A2955006F1B1C /* CFNetwork.framework */,
				170608EF169A2945006F1B1C /* MessageUI.framework */,
				170608ED169A293D006F1B1C /* Security.framework */,
				170608EB169A2934006F1B1C /* SystemConfiguration.framework */,
				174739C31669E58100C25A72 /* UIKit.framework */,
				174739C51669E58100C25A72 /* Foundation.framework */,
				174739C71669E58100C25A72 /* CoreGraphics.framework */,
				174739EA1669E58100C25A72 /* SenTestingKit.framework */,
			);
			name = Frameworks;
			sourceTree = "<group>";
		};
		174739C91669E58100C25A72 /* Meme Storm */ = {
			isa = PBXGroup;
			children = (
				176982F2166ABFB50091B88D /* Classes */,
				176982F8166AC2090091B88D /* Resources */,
				174739D21669E58100C25A72 /* AxcotoAppDelegate.h */,
				174739D31669E58100C25A72 /* AxcotoAppDelegate.m */,
				176982ED166ABA9F0091B88D /* MemeDetail */,
				176982E5166A93D80091B88D /* MemeList */,
				174739CA1669E58100C25A72 /* Supporting Files */,
			);
			path = "Meme Storm";
			sourceTree = "<group>";
		};
		174739CA1669E58100C25A72 /* Supporting Files */ = {
			isa = PBXGroup;
			children = (
				174739CB1669E58100C25A72 /* Meme Storm-Info.plist */,
				174739CC1669E58100C25A72 /* InfoPlist.strings */,
				174739CF1669E58100C25A72 /* main.m */,
				174739D11669E58100C25A72 /* Meme Storm-Prefix.pch */,
				174739D51669E58100C25A72 /* Default.png */,
				174739D71669E58100C25A72 /* Default@2x.png */,
				174739D91669E58100C25A72 /* Default-568h@2x.png */,
			);
			name = "Supporting Files";
			sourceTree = "<group>";
		};
		174739F01669E58100C25A72 /* Meme StormTests */ = {
			isa = PBXGroup;
			children = (
				174739F61669E58100C25A72 /* Meme_StormTests.h */,
				174739F71669E58100C25A72 /* Meme_StormTests.m */,
				174739F11669E58100C25A72 /* Supporting Files */,
			);
			path = "Meme StormTests";
			sourceTree = "<group>";
		};
		174739F11669E58100C25A72 /* Supporting Files */ = {
			isa = PBXGroup;
			children = (
				174739F21669E58100C25A72 /* Meme StormTests-Info.plist */,
				174739F31669E58100C25A72 /* InfoPlist.strings */,
			);
			name = "Supporting Files";
			sourceTree = "<group>";
		};
		176982E5166A93D80091B88D /* MemeList */ = {
			isa = PBXGroup;
			children = (
				174739DB1669E58100C25A72 /* AxcotoViewController.h */,
				174739DC1669E58100C25A72 /* AxcotoViewController.m */,
				174739DE1669E58100C25A72 /* AxcotoViewController_iPhone.xib */,
				174739E11669E58100C25A72 /* AxcotoViewController_iPad.xib */,
				170EB24B1673E55A0045F6CA /* SourceCell.h */,
				170EB24C1673E55A0045F6CA /* SourceCell.m */,
				170EB24F1673E5800045F6CA /* SourceCell.xib */,
			);
			name = MemeList;
			sourceTree = "<group>";
		};
		176982ED166ABA9F0091B88D /* MemeDetail */ = {
			isa = PBXGroup;
			children = (
				176982E6166ABA670091B88D /* AxcotoMemeDetailViewController.h */,
				176982E7166ABA670091B88D /* AxcotoMemeDetailViewController.m */,
				176982E8166ABA670091B88D /* AxcotoMemeDetailViewController.xib */,
				17F9B20F1692907A00A02C52 /* AXMemeCommentViewController.h */,
				17F9B2101692907A00A02C52 /* AXMemeCommentViewController.m */,
				17F9B2111692907A00A02C52 /* AXMemeCommentViewController.xib */,
			);
			name = MemeDetail;
			sourceTree = "<group>";
		};
		176982F2166ABFB50091B88D /* Classes */ = {
			isa = PBXGroup;
			children = (
				172088D4169A4155007BACF3 /* JSONKit.h */,
				17F9B206169048B300A02C52 /* AXConfig.m */,
				17F9B207169048B300A02C52 /* AXConfig.h */,
				176982F3166AC07C0091B88D /* Source */,
				176982EE166ABFAC0091B88D /* AxcotoMemeSource.h */,
				176982EF166ABFAC0091B88D /* AxcotoMemeSource.m */,
				17DCB170167B3BB800A06BD6 /* Prefs.h */,
				17DCB171167B3BB800A06BD6 /* Prefs.m */,
				FBD2EAE0168FF2E800D8B0BA /* AXMemeMeta.h */,
				FBD2EAE1168FF2E800D8B0BA /* AXMemeMeta.m */,
				17060904169A30BC006F1B1C /* ShareKit */,
				1716353F169AC7A100AE7482 /* UIButtonStyled */,
			);
			name = Classes;
			sourceTree = "<group>";
		};
		176982F3166AC07C0091B88D /* Source */ = {
			isa = PBXGroup;
			children = (
				176982F4166AC0950091B88D /* AxcotoMemeSourceFunnymama.h */,
				176982F5166AC0950091B88D /* AxcotoMemeSourceFunnymama.m */,
			);
			name = Source;
			sourceTree = "<group>";
		};
		176982F8166AC2090091B88D /* Resources */ = {
			isa = PBXGroup;
			children = (
				179FDD4716A16F8600F84859 /* button_back.png */,
				17163534169A563F00AE7482 /* toolbar-bg@2x.png */,
				17163535169A563F00AE7482 /* toolbar-bg.png */,
				17407247169982FE009B1D6E /* bg.png */,
				17706E5B169664530013C6CB /* avatar */,
				FBB5200816954B3300891FBA /* icon */,
			);
			name = Resources;
			sourceTree = "<group>";
		};
		FBB5200816954B3300891FBA /* icon */ = {
			isa = PBXGroup;
			children = (
				FBB5201216955D0E00891FBA /* share@2x.png */,
				FBB5201316955D0E00891FBA /* share.png */,
				FBB5200916954B3300891FBA /* comment.png */,
				FBB5200A16954B3300891FBA /* comment@2x.png */,
				FBB5200B16954B3300891FBA /* like.png */,
				FBB5200C16954B3300891FBA /* like@2x.png */,
			);
			path = icon;
			sourceTree = "<group>";
		};
/* End PBXGroup section */

/* Begin PBXNativeTarget section */
		174739BE1669E58100C25A72 /* Meme Storm */ = {
			isa = PBXNativeTarget;
			buildConfigurationList = 174739FB1669E58100C25A72 /* Build configuration list for PBXNativeTarget "Meme Storm" */;
			buildPhases = (
				174739BB1669E58100C25A72 /* Sources */,
				174739BC1669E58100C25A72 /* Frameworks */,
				174739BD1669E58100C25A72 /* Resources */,
			);
			buildRules = (
			);
			dependencies = (
				1716352F169A464700AE7482 /* PBXTargetDependency */,
				17163531169A464700AE7482 /* PBXTargetDependency */,
			);
			name = "Meme Storm";
			productName = "Meme Storm";
			productReference = 174739BF1669E58100C25A72 /* Meme Storm.app */;
			productType = "com.apple.product-type.application";
		};
		174739E81669E58100C25A72 /* Meme StormTests */ = {
			isa = PBXNativeTarget;
			buildConfigurationList = 174739FE1669E58100C25A72 /* Build configuration list for PBXNativeTarget "Meme StormTests" */;
			buildPhases = (
				174739E41669E58100C25A72 /* Sources */,
				174739E51669E58100C25A72 /* Frameworks */,
				174739E61669E58100C25A72 /* Resources */,
				174739E71669E58100C25A72 /* ShellScript */,
			);
			buildRules = (
			);
			dependencies = (
				174739EF1669E58100C25A72 /* PBXTargetDependency */,
			);
			name = "Meme StormTests";
			productName = "Meme StormTests";
			productReference = 174739E91669E58100C25A72 /* Meme StormTests.octest */;
			productType = "com.apple.product-type.bundle";
		};
/* End PBXNativeTarget section */

/* Begin PBXProject section */
		174739B61669E58100C25A72 /* Project object */ = {
			isa = PBXProject;
			attributes = {
				CLASSPREFIX = Axcoto;
				LastUpgradeCheck = 0450;
				ORGANIZATIONNAME = "Vinh Nguyen";
			};
			buildConfigurationList = 174739B91669E58100C25A72 /* Build configuration list for PBXProject "Meme Storm" */;
			compatibilityVersion = "Xcode 3.2";
			developmentRegion = English;
			hasScannedForEncodings = 0;
			knownRegions = (
				en,
			);
			mainGroup = 174739B41669E58100C25A72;
			productRefGroup = 174739C01669E58100C25A72 /* Products */;
			projectDirPath = "";
			projectReferences = (
				{
					ProductGroup = 171634BA169A462300AE7482 /* Products */;
					ProjectRef = 171634B9169A462300AE7482 /* ShareKit.xcodeproj */;
				},
			);
			projectRoot = "";
			targets = (
				174739BE1669E58100C25A72 /* Meme Storm */,
				174739E81669E58100C25A72 /* Meme StormTests */,
			);
		};
/* End PBXProject section */

/* Begin PBXReferenceProxy section */
		171634E8169A462400AE7482 /* ShareKitDemo.app */ = {
			isa = PBXReferenceProxy;
			fileType = wrapper.application;
			path = ShareKitDemo.app;
			remoteRef = 171634E7169A462400AE7482 /* PBXContainerItemProxy */;
			sourceTree = BUILT_PRODUCTS_DIR;
		};
		171634EA169A462400AE7482 /* libShareKit.a */ = {
			isa = PBXReferenceProxy;
			fileType = archive.ar;
			path = libShareKit.a;
			remoteRef = 171634E9169A462400AE7482 /* PBXContainerItemProxy */;
			sourceTree = BUILT_PRODUCTS_DIR;
		};
		171634EC169A462400AE7482 /* ShareKit.bundle */ = {
			isa = PBXReferenceProxy;
			fileType = wrapper.cfbundle;
			path = ShareKit.bundle;
			remoteRef = 171634EB169A462400AE7482 /* PBXContainerItemProxy */;
			sourceTree = BUILT_PRODUCTS_DIR;
		};
		171634EE169A462400AE7482 /* libShareKitCore.a */ = {
			isa = PBXReferenceProxy;
			fileType = archive.ar;
			path = libShareKitCore.a;
			remoteRef = 171634ED169A462400AE7482 /* PBXContainerItemProxy */;
			sourceTree = BUILT_PRODUCTS_DIR;
		};
		171634F0169A462400AE7482 /* libJSONKit.a */ = {
			isa = PBXReferenceProxy;
			fileType = archive.ar;
			path = libJSONKit.a;
			remoteRef = 171634EF169A462400AE7482 /* PBXContainerItemProxy */;
			sourceTree = BUILT_PRODUCTS_DIR;
		};
		171634F2169A462400AE7482 /* libSSKeyChain.a */ = {
			isa = PBXReferenceProxy;
			fileType = archive.ar;
			path = libSSKeyChain.a;
			remoteRef = 171634F1169A462400AE7482 /* PBXContainerItemProxy */;
			sourceTree = BUILT_PRODUCTS_DIR;
		};
		171634F4169A462400AE7482 /* libOAuth.a */ = {
			isa = PBXReferenceProxy;
			fileType = archive.ar;
			path = libOAuth.a;
			remoteRef = 171634F3169A462400AE7482 /* PBXContainerItemProxy */;
			sourceTree = BUILT_PRODUCTS_DIR;
		};
		171634F6169A462400AE7482 /* libReachability.a */ = {
			isa = PBXReferenceProxy;
			fileType = archive.ar;
			path = libReachability.a;
			remoteRef = 171634F5169A462400AE7482 /* PBXContainerItemProxy */;
			sourceTree = BUILT_PRODUCTS_DIR;
		};
		171634F8169A462400AE7482 /* libPrint.a */ = {
			isa = PBXReferenceProxy;
			fileType = archive.ar;
			path = libPrint.a;
			remoteRef = 171634F7169A462400AE7482 /* PBXContainerItemProxy */;
			sourceTree = BUILT_PRODUCTS_DIR;
		};
		171634FA169A462400AE7482 /* libLogout.a */ = {
			isa = PBXReferenceProxy;
			fileType = archive.ar;
			path = libLogout.a;
			remoteRef = 171634F9169A462400AE7482 /* PBXContainerItemProxy */;
			sourceTree = BUILT_PRODUCTS_DIR;
		};
		171634FC169A462400AE7482 /* libCopy.a */ = {
			isa = PBXReferenceProxy;
			fileType = archive.ar;
			path = libCopy.a;
			remoteRef = 171634FB169A462400AE7482 /* PBXContainerItemProxy */;
			sourceTree = BUILT_PRODUCTS_DIR;
		};
		171634FE169A462400AE7482 /* libEmail.a */ = {
			isa = PBXReferenceProxy;
			fileType = archive.ar;
			path = libEmail.a;
			remoteRef = 171634FD169A462400AE7482 /* PBXContainerItemProxy */;
			sourceTree = BUILT_PRODUCTS_DIR;
		};
		17163500169A462400AE7482 /* libOpen in Safari.a */ = {
			isa = PBXReferenceProxy;
			fileType = archive.ar;
			path = "libOpen in Safari.a";
			remoteRef = 171634FF169A462400AE7482 /* PBXContainerItemProxy */;
			sourceTree = BUILT_PRODUCTS_DIR;
		};
		17163502169A462400AE7482 /* libSave to Album.a */ = {
			isa = PBXReferenceProxy;
			fileType = archive.ar;
			path = "libSave to Album.a";
			remoteRef = 17163501169A462400AE7482 /* PBXContainerItemProxy */;
			sourceTree = BUILT_PRODUCTS_DIR;
		};
		17163504169A462400AE7482 /* libText Message.a */ = {
			isa = PBXReferenceProxy;
			fileType = archive.ar;
			path = "libText Message.a";
			remoteRef = 17163503169A462400AE7482 /* PBXContainerItemProxy */;
			sourceTree = BUILT_PRODUCTS_DIR;
		};
		17163506169A462400AE7482 /* libKippt.a */ = {
			isa = PBXReferenceProxy;
			fileType = archive.ar;
			path = libKippt.a;
			remoteRef = 17163505169A462400AE7482 /* PBXContainerItemProxy */;
			sourceTree = BUILT_PRODUCTS_DIR;
		};
		17163508169A462400AE7482 /* libDelicious.a */ = {
			isa = PBXReferenceProxy;
			fileType = archive.ar;
			path = libDelicious.a;
			remoteRef = 17163507169A462400AE7482 /* PBXContainerItemProxy */;
			sourceTree = BUILT_PRODUCTS_DIR;
		};
		1716350A169A462400AE7482 /* libDiigo.a */ = {
			isa = PBXReferenceProxy;
			fileType = archive.ar;
			path = libDiigo.a;
			remoteRef = 17163509169A462400AE7482 /* PBXContainerItemProxy */;
			sourceTree = BUILT_PRODUCTS_DIR;
		};
		1716350C169A462400AE7482 /* libVKontakte.a */ = {
			isa = PBXReferenceProxy;
			fileType = archive.ar;
			path = libVKontakte.a;
			remoteRef = 1716350B169A462400AE7482 /* PBXContainerItemProxy */;
			sourceTree = BUILT_PRODUCTS_DIR;
		};
		1716350E169A462400AE7482 /* libEvernote.a */ = {
			isa = PBXReferenceProxy;
			fileType = archive.ar;
			path = libEvernote.a;
			remoteRef = 1716350D169A462400AE7482 /* PBXContainerItemProxy */;
			sourceTree = BUILT_PRODUCTS_DIR;
		};
		17163510169A462400AE7482 /* libEvernote SDK.a */ = {
			isa = PBXReferenceProxy;
			fileType = archive.ar;
			path = "libEvernote SDK.a";
			remoteRef = 1716350F169A462400AE7482 /* PBXContainerItemProxy */;
			sourceTree = BUILT_PRODUCTS_DIR;
		};
		17163512169A462400AE7482 /* libFacebook.a */ = {
			isa = PBXReferenceProxy;
			fileType = archive.ar;
			path = libFacebook.a;
			remoteRef = 17163511169A462400AE7482 /* PBXContainerItemProxy */;
			sourceTree = BUILT_PRODUCTS_DIR;
		};
		17163514169A462400AE7482 /* libFoursquareV2.a */ = {
			isa = PBXReferenceProxy;
			fileType = archive.ar;
			path = libFoursquareV2.a;
			remoteRef = 17163513169A462400AE7482 /* PBXContainerItemProxy */;
			sourceTree = BUILT_PRODUCTS_DIR;
		};
		17163516169A462400AE7482 /* libFlickr.a */ = {
			isa = PBXReferenceProxy;
			fileType = archive.ar;
			path = libFlickr.a;
			remoteRef = 17163515169A462400AE7482 /* PBXContainerItemProxy */;
			sourceTree = BUILT_PRODUCTS_DIR;
		};
		17163518169A462400AE7482 /* libFlickr SDK.a */ = {
			isa = PBXReferenceProxy;
			fileType = archive.ar;
			path = "libFlickr SDK.a";
			remoteRef = 17163517169A462400AE7482 /* PBXContainerItemProxy */;
			sourceTree = BUILT_PRODUCTS_DIR;
		};
		1716351A169A462400AE7482 /* libGoogle Reader.a */ = {
			isa = PBXReferenceProxy;
			fileType = archive.ar;
			path = "libGoogle Reader.a";
			remoteRef = 17163519169A462400AE7482 /* PBXContainerItemProxy */;
			sourceTree = BUILT_PRODUCTS_DIR;
		};
		1716351C169A462400AE7482 /* libInstagram.a */ = {
			isa = PBXReferenceProxy;
			fileType = archive.ar;
			path = libInstagram.a;
			remoteRef = 1716351B169A462400AE7482 /* PBXContainerItemProxy */;
			sourceTree = BUILT_PRODUCTS_DIR;
		};
		1716351E169A462400AE7482 /* libInstapaper.a */ = {
			isa = PBXReferenceProxy;
			fileType = archive.ar;
			path = libInstapaper.a;
			remoteRef = 1716351D169A462400AE7482 /* PBXContainerItemProxy */;
			sourceTree = BUILT_PRODUCTS_DIR;
		};
		17163520169A462400AE7482 /* libLinkedIn.a */ = {
			isa = PBXReferenceProxy;
			fileType = archive.ar;
			path = libLinkedIn.a;
			remoteRef = 1716351F169A462400AE7482 /* PBXContainerItemProxy */;
			sourceTree = BUILT_PRODUCTS_DIR;
		};
		17163522169A462400AE7482 /* libPinboard.a */ = {
			isa = PBXReferenceProxy;
			fileType = archive.ar;
			path = libPinboard.a;
			remoteRef = 17163521169A462400AE7482 /* PBXContainerItemProxy */;
			sourceTree = BUILT_PRODUCTS_DIR;
		};
		17163524169A462400AE7482 /* libRead It Later.a */ = {
			isa = PBXReferenceProxy;
			fileType = archive.ar;
			path = "libRead It Later.a";
			remoteRef = 17163523169A462400AE7482 /* PBXContainerItemProxy */;
			sourceTree = BUILT_PRODUCTS_DIR;
		};
		17163526169A462400AE7482 /* libTumblr.a */ = {
			isa = PBXReferenceProxy;
			fileType = archive.ar;
			path = libTumblr.a;
			remoteRef = 17163525169A462400AE7482 /* PBXContainerItemProxy */;
			sourceTree = BUILT_PRODUCTS_DIR;
		};
		17163528169A462400AE7482 /* libTwitter.a */ = {
			isa = PBXReferenceProxy;
			fileType = archive.ar;
			path = libTwitter.a;
			remoteRef = 17163527169A462400AE7482 /* PBXContainerItemProxy */;
			sourceTree = BUILT_PRODUCTS_DIR;
		};
		1716352A169A462400AE7482 /* libSina Weibo.a */ = {
			isa = PBXReferenceProxy;
			fileType = archive.ar;
			path = "libSina Weibo.a";
			remoteRef = 17163529169A462400AE7482 /* PBXContainerItemProxy */;
			sourceTree = BUILT_PRODUCTS_DIR;
		};
/* End PBXReferenceProxy section */

/* Begin PBXResourcesBuildPhase section */
		174739BD1669E58100C25A72 /* Resources */ = {
			isa = PBXResourcesBuildPhase;
			buildActionMask = 2147483647;
			files = (
				17163533169A46A700AE7482 /* ShareKit.bundle in Resources */,
				174739CE1669E58100C25A72 /* InfoPlist.strings in Resources */,
				174739D61669E58100C25A72 /* Default.png in Resources */,
				174739D81669E58100C25A72 /* Default@2x.png in Resources */,
				174739DA1669E58100C25A72 /* Default-568h@2x.png in Resources */,
				174739E01669E58100C25A72 /* AxcotoViewController_iPhone.xib in Resources */,
				174739E31669E58100C25A72 /* AxcotoViewController_iPad.xib in Resources */,
				176982EB166ABA680091B88D /* AxcotoMemeDetailViewController.xib in Resources */,
				170EB2501673E5800045F6CA /* SourceCell.xib in Resources */,
				17F9B2131692907A00A02C52 /* AXMemeCommentViewController.xib in Resources */,
				FBB5200D16954B3300891FBA /* comment.png in Resources */,
				FBB5200E16954B3300891FBA /* comment@2x.png in Resources */,
				FBB5200F16954B3300891FBA /* like.png in Resources */,
				FBB5201016954B3300891FBA /* like@2x.png in Resources */,
				FBB5201416955D0E00891FBA /* share@2x.png in Resources */,
				FBB5201516955D0E00891FBA /* share.png in Resources */,
				17706E5C169664530013C6CB /* avatar in Resources */,
				174072371699806A009B1D6E /* icon-57.png in Resources */,
				1740723A16998089009B1D6E /* icon-114.png in Resources */,
				1740723C169980E4009B1D6E /* Default.png in Resources */,
				1740723E169980FE009B1D6E /* Default@2x.png in Resources */,
				1740724016998130009B1D6E /* Default-568h@2x.png in Resources */,
				174072421699815F009B1D6E /* ipad-72.png in Resources */,
				174072441699816B009B1D6E /* ipad-144.png in Resources */,
				17407248169982FE009B1D6E /* bg.png in Resources */,
				17163536169A563F00AE7482 /* toolbar-bg@2x.png in Resources */,
				17163537169A563F00AE7482 /* toolbar-bg.png in Resources */,
				179FDD4816A16F8600F84859 /* button_back.png in Resources */,
			);
			runOnlyForDeploymentPostprocessing = 0;
		};
		174739E61669E58100C25A72 /* Resources */ = {
			isa = PBXResourcesBuildPhase;
			buildActionMask = 2147483647;
			files = (
				174739F51669E58100C25A72 /* InfoPlist.strings in Resources */,
				176982EC166ABA680091B88D /* AxcotoMemeDetailViewController.xib in Resources */,
			);
			runOnlyForDeploymentPostprocessing = 0;
		};
/* End PBXResourcesBuildPhase section */

/* Begin PBXShellScriptBuildPhase section */
		174739E71669E58100C25A72 /* ShellScript */ = {
			isa = PBXShellScriptBuildPhase;
			buildActionMask = 2147483647;
			files = (
			);
			inputPaths = (
			);
			outputPaths = (
			);
			runOnlyForDeploymentPostprocessing = 0;
			shellPath = /bin/sh;
			shellScript = "# Run the unit tests in this test bundle.\n\"${SYSTEM_DEVELOPER_DIR}/Tools/RunUnitTests\"\n";
		};
/* End PBXShellScriptBuildPhase section */

/* Begin PBXSourcesBuildPhase section */
		174739BB1669E58100C25A72 /* Sources */ = {
			isa = PBXSourcesBuildPhase;
			buildActionMask = 2147483647;
			files = (
				174739D01669E58100C25A72 /* main.m in Sources */,
				174739D41669E58100C25A72 /* AxcotoAppDelegate.m in Sources */,
				174739DD1669E58100C25A72 /* AxcotoViewController.m in Sources */,
				176982E9166ABA680091B88D /* AxcotoMemeDetailViewController.m in Sources */,
				176982F0166ABFAD0091B88D /* AxcotoMemeSource.m in Sources */,
				176982F6166AC0950091B88D /* AxcotoMemeSourceFunnymama.m in Sources */,
				170EB24D1673E55A0045F6CA /* SourceCell.m in Sources */,
				17DCB172167B3BB800A06BD6 /* Prefs.m in Sources */,
				FBD2EAE2168FF2E800D8B0BA /* AXMemeMeta.m in Sources */,
				17F9B208169048B300A02C52 /* AXConfig.m in Sources */,
				17F9B2121692907A00A02C52 /* AXMemeCommentViewController.m in Sources */,
				17060907169A315F006F1B1C /* AXSHKConfigurator.m in Sources */,
				1716353A169AC70300AE7482 /* UIBarButtonItem+StyledButton.m in Sources */,
				1716353E169AC79600AE7482 /* UIButton+StyledButton.m in Sources */,
			);
			runOnlyForDeploymentPostprocessing = 0;
		};
		174739E41669E58100C25A72 /* Sources */ = {
			isa = PBXSourcesBuildPhase;
			buildActionMask = 2147483647;
			files = (
				174739F81669E58100C25A72 /* Meme_StormTests.m in Sources */,
				176982EA166ABA680091B88D /* AxcotoMemeDetailViewController.m in Sources */,
				176982F1166ABFAD0091B88D /* AxcotoMemeSource.m in Sources */,
				176982F7166AC0950091B88D /* AxcotoMemeSourceFunnymama.m in Sources */,
				17DCB173167B3BB800A06BD6 /* Prefs.m in Sources */,
			);
			runOnlyForDeploymentPostprocessing = 0;
		};
/* End PBXSourcesBuildPhase section */

/* Begin PBXTargetDependency section */
		1716352F169A464700AE7482 /* PBXTargetDependency */ = {
			isa = PBXTargetDependency;
			name = "Static Library";
			targetProxy = 1716352E169A464700AE7482 /* PBXContainerItemProxy */;
		};
		17163531169A464700AE7482 /* PBXTargetDependency */ = {
			isa = PBXTargetDependency;
			name = "Resource Bundle";
			targetProxy = 17163530169A464700AE7482 /* PBXContainerItemProxy */;
		};
		174739EF1669E58100C25A72 /* PBXTargetDependency */ = {
			isa = PBXTargetDependency;
			target = 174739BE1669E58100C25A72 /* Meme Storm */;
			targetProxy = 174739EE1669E58100C25A72 /* PBXContainerItemProxy */;
		};
/* End PBXTargetDependency section */

/* Begin PBXVariantGroup section */
		174739CC1669E58100C25A72 /* InfoPlist.strings */ = {
			isa = PBXVariantGroup;
			children = (
				174739CD1669E58100C25A72 /* en */,
			);
			name = InfoPlist.strings;
			sourceTree = "<group>";
		};
		174739DE1669E58100C25A72 /* AxcotoViewController_iPhone.xib */ = {
			isa = PBXVariantGroup;
			children = (
				174739DF1669E58100C25A72 /* en */,
			);
			name = AxcotoViewController_iPhone.xib;
			sourceTree = "<group>";
		};
		174739E11669E58100C25A72 /* AxcotoViewController_iPad.xib */ = {
			isa = PBXVariantGroup;
			children = (
				174739E21669E58100C25A72 /* en */,
			);
			name = AxcotoViewController_iPad.xib;
			sourceTree = "<group>";
		};
		174739F31669E58100C25A72 /* InfoPlist.strings */ = {
			isa = PBXVariantGroup;
			children = (
				174739F41669E58100C25A72 /* en */,
			);
			name = InfoPlist.strings;
			sourceTree = "<group>";
		};
/* End PBXVariantGroup section */

/* Begin XCBuildConfiguration section */
		174739F91669E58100C25A72 /* Debug */ = {
			isa = XCBuildConfiguration;
			buildSettings = {
				ALWAYS_SEARCH_USER_PATHS = NO;
				CLANG_CXX_LANGUAGE_STANDARD = "gnu++0x";
				CLANG_CXX_LIBRARY = "libc++";
				CLANG_ENABLE_OBJC_ARC = YES;
				CLANG_WARN_EMPTY_BODY = YES;
				CLANG_WARN__DUPLICATE_METHOD_MATCH = YES;
				CODE_SIGN_IDENTITY = "iPhone Developer: Vinh Nguyen (63C8TVC926)";
				"CODE_SIGN_IDENTITY[sdk=iphoneos*]" = "iPhone Developer: Vinh Nguyen (63C8TVC926)";
				COPY_PHASE_STRIP = NO;
				GCC_C_LANGUAGE_STANDARD = gnu99;
				GCC_DYNAMIC_NO_PIC = NO;
				GCC_OPTIMIZATION_LEVEL = 0;
				GCC_PREPROCESSOR_DEFINITIONS = (
					"DEBUG=1",
					"$(inherited)",
				);
				GCC_SYMBOLS_PRIVATE_EXTERN = NO;
				GCC_WARN_ABOUT_RETURN_TYPE = YES;
				GCC_WARN_UNINITIALIZED_AUTOS = YES;
				GCC_WARN_UNUSED_VARIABLE = YES;
				IPHONEOS_DEPLOYMENT_TARGET = 4.3;
				ONLY_ACTIVE_ARCH = YES;
				PROVISIONING_PROFILE = "9F18D4DC-BDBB-4DA9-96F8-0397E043EFC9";
				"PROVISIONING_PROFILE[sdk=iphoneos*]" = "";
				SDKROOT = iphoneos;
				TARGETED_DEVICE_FAMILY = "1,2";
			};
			name = Debug;
		};
		174739FA1669E58100C25A72 /* Release */ = {
			isa = XCBuildConfiguration;
			buildSettings = {
				ALWAYS_SEARCH_USER_PATHS = NO;
				CLANG_CXX_LANGUAGE_STANDARD = "gnu++0x";
				CLANG_CXX_LIBRARY = "libc++";
				CLANG_ENABLE_OBJC_ARC = YES;
				CLANG_WARN_EMPTY_BODY = YES;
				CLANG_WARN__DUPLICATE_METHOD_MATCH = YES;
				CODE_SIGN_IDENTITY = "iPhone Developer: Vinh Nguyen (63C8TVC926)";
				"CODE_SIGN_IDENTITY[sdk=iphoneos*]" = "iPhone Developer";
				COPY_PHASE_STRIP = YES;
				GCC_C_LANGUAGE_STANDARD = gnu99;
				GCC_WARN_ABOUT_RETURN_TYPE = YES;
				GCC_WARN_UNINITIALIZED_AUTOS = YES;
				GCC_WARN_UNUSED_VARIABLE = YES;
				IPHONEOS_DEPLOYMENT_TARGET = 4.3;
				OTHER_CFLAGS = "-DNS_BLOCK_ASSERTIONS=1";
				PROVISIONING_PROFILE = "9F18D4DC-BDBB-4DA9-96F8-0397E043EFC9";
				SDKROOT = iphoneos;
				TARGETED_DEVICE_FAMILY = "1,2";
				VALIDATE_PRODUCT = YES;
			};
			name = Release;
		};
		174739FC1669E58100C25A72 /* Debug */ = {
			isa = XCBuildConfiguration;
			buildSettings = {
				GCC_PRECOMPILE_PREFIX_HEADER = YES;
				GCC_PREFIX_HEADER = "Meme Storm/Meme Storm-Prefix.pch";
				INFOPLIST_FILE = "Meme Storm/Meme Storm-Info.plist";
				IPHONEOS_DEPLOYMENT_TARGET = 4.3;
				OTHER_LDFLAGS = (
					"-all_load",
					"-ObjC",
				);
				PRODUCT_NAME = "$(TARGET_NAME)";
				USER_HEADER_SEARCH_PATHS = "Submodules/**";
				WRAPPER_EXTENSION = app;
			};
			name = Debug;
		};
		174739FD1669E58100C25A72 /* Release */ = {
			isa = XCBuildConfiguration;
			buildSettings = {
				GCC_PRECOMPILE_PREFIX_HEADER = YES;
				GCC_PREFIX_HEADER = "Meme Storm/Meme Storm-Prefix.pch";
				INFOPLIST_FILE = "Meme Storm/Meme Storm-Info.plist";
				IPHONEOS_DEPLOYMENT_TARGET = 4.3;
				OTHER_LDFLAGS = (
					"-all_load",
					"-ObjC",
				);
				PRODUCT_NAME = "$(TARGET_NAME)";
				USER_HEADER_SEARCH_PATHS = "Submodules/**";
				WRAPPER_EXTENSION = app;
			};
			name = Release;
		};
		174739FF1669E58100C25A72 /* Debug */ = {
			isa = XCBuildConfiguration;
			buildSettings = {
				BUNDLE_LOADER = "$(BUILT_PRODUCTS_DIR)/Meme Storm.app/Meme Storm";
				FRAMEWORK_SEARCH_PATHS = (
					"\"$(SDKROOT)/Developer/Library/Frameworks\"",
					"\"$(DEVELOPER_LIBRARY_DIR)/Frameworks\"",
				);
				GCC_PRECOMPILE_PREFIX_HEADER = YES;
				GCC_PREFIX_HEADER = "Meme Storm/Meme Storm-Prefix.pch";
				INFOPLIST_FILE = "Meme StormTests/Meme StormTests-Info.plist";
				PRODUCT_NAME = "$(TARGET_NAME)";
				TEST_HOST = "$(BUNDLE_LOADER)";
				WRAPPER_EXTENSION = octest;
			};
			name = Debug;
		};
		17473A001669E58100C25A72 /* Release */ = {
			isa = XCBuildConfiguration;
			buildSettings = {
				BUNDLE_LOADER = "$(BUILT_PRODUCTS_DIR)/Meme Storm.app/Meme Storm";
				FRAMEWORK_SEARCH_PATHS = (
					"\"$(SDKROOT)/Developer/Library/Frameworks\"",
					"\"$(DEVELOPER_LIBRARY_DIR)/Frameworks\"",
				);
				GCC_PRECOMPILE_PREFIX_HEADER = YES;
				GCC_PREFIX_HEADER = "Meme Storm/Meme Storm-Prefix.pch";
				INFOPLIST_FILE = "Meme StormTests/Meme StormTests-Info.plist";
				PRODUCT_NAME = "$(TARGET_NAME)";
				TEST_HOST = "$(BUNDLE_LOADER)";
				WRAPPER_EXTENSION = octest;
			};
			name = Release;
		};
/* End XCBuildConfiguration section */

/* Begin XCConfigurationList section */
		174739B91669E58100C25A72 /* Build configuration list for PBXProject "Meme Storm" */ = {
			isa = XCConfigurationList;
			buildConfigurations = (
				174739F91669E58100C25A72 /* Debug */,
				174739FA1669E58100C25A72 /* Release */,
			);
			defaultConfigurationIsVisible = 0;
			defaultConfigurationName = Release;
		};
		174739FB1669E58100C25A72 /* Build configuration list for PBXNativeTarget "Meme Storm" */ = {
			isa = XCConfigurationList;
			buildConfigurations = (
				174739FC1669E58100C25A72 /* Debug */,
				174739FD1669E58100C25A72 /* Release */,
			);
			defaultConfigurationIsVisible = 0;
			defaultConfigurationName = Release;
		};
		174739FE1669E58100C25A72 /* Build configuration list for PBXNativeTarget "Meme StormTests" */ = {
			isa = XCConfigurationList;
			buildConfigurations = (
				174739FF1669E58100C25A72 /* Debug */,
				17473A001669E58100C25A72 /* Release */,
			);
			defaultConfigurationIsVisible = 0;
			defaultConfigurationName = Release;
		};
/* End XCConfigurationList section */
	};
	rootObject = 174739B61669E58100C25A72 /* Project object */;
}
